<?xml version="1.0" encoding="utf-8"?>
<Project ToolsVersion="4.0" xmlns="http://schemas.microsoft.com/developer/msbuild/2003">
  <ItemGroup>
    <Filter Include="Исходные файлы">
      <UniqueIdentifier>{4FC737F1-C7A5-4376-A066-2A32D752A2FF}</UniqueIdentifier>
      <Extensions>cpp;c;cc;cxx;c++;cppm;ixx;def;odl;idl;hpj;bat;asm;asmx</Extensions>
    </Filter>
    <Filter Include="Файлы заголовков">
      <UniqueIdentifier>{93995380-89BD-4b04-88EB-625FBE52EBFB}</UniqueIdentifier>
      <Extensions>h;hh;hpp;hxx;h++;hm;inl;inc;ipp;xsd</Extensions>
    </Filter>
    <Filter Include="Файлы ресурсов">
      <UniqueIdentifier>{67DA6AB6-F800-4c08-8B7A-83BB121AAD01}</UniqueIdentifier>
      <Extensions>rc;ico;cur;bmp;dlg;rc2;rct;bin;rgs;gif;jpg;jpeg;jpe;resx;tiff;tif;png;wav;mfcribbon-ms</Extensions>
    </Filter>
  </ItemGroup>
  <ItemGroup>
    <ClCompile Include="MyMenu.cpp">
      <Filter>Исходные файлы</Filter>
    </ClCompile>
    <ClCompile Include="Admin.cpp">
      <Filter>Исходные файлы</Filter>
    </ClCompile>
    <ClCompile Include="User.cpp">
      <Filter>Исходные файлы</Filter>
    </ClCompile>
    <ClCompile Include="UserWiewOrderData.cpp">
      <Filter>Исходные файлы</Filter>
    </ClCompile>
    <ClCompile Include="UserRentAutoWiewData.cpp">
      <Filter>Исходные файлы</Filter>
    </ClCompile>
    <ClCompile Include="UserRentAutoDecorOrder.cpp">
      <Filter>Исходные файлы</Filter>
    </ClCompile>
    <ClCompile Include="UserWiewOrderAuto.cpp">
      <Filter>Исходные файлы</Filter>
    </ClCompile>
    <ClCompile Include="AdminEditAdminData.cpp">
      <Filter>Исходные файлы</Filter>
    </ClCompile>
    <ClCompile Include="AdminEditUserData.cpp">
      <Filter>Исходные файлы</Filter>
    </ClCompile>
    <ClCompile Include="AdminEditAutoData.cpp">
      <Filter>Исходные файлы</Filter>
    </ClCompile>
    <ClCompile Include="AdminEditReportsData.cpp">
      <Filter>Исходные файлы</Filter>
    </ClCompile>
    <ClCompile Include="Registration.cpp">
      <Filter>Исходные файлы</Filter>
    </ClCompile>
    <ClCompile Include="Work.cpp">
      <Filter>Исходные файлы</Filter>
    </ClCompile>
    <ClCompile Include="ReportOrderData.cpp">
      <Filter>Исходные файлы</Filter>
    </ClCompile>
    <ClCompile Include="ReportTransactionData.cpp">
      <Filter>Исходные файлы</Filter>
    </ClCompile>
    <ClCompile Include="UserEditUserDataNew.cpp">
      <Filter>Исходные файлы</Filter>
    </ClCompile>
    <ClCompile Include="UserEditUserDataNewEdit.cpp">
      <Filter>Исходные файлы</Filter>
    </ClCompile>
    <ClCompile Include="AdminAutorisation.cpp">
      <Filter>Исходные файлы</Filter>
    </ClCompile>
    <ClCompile Include="Header.cpp">
      <Filter>Исходные файлы</Filter>
    </ClCompile>
  </ItemGroup>
  <ItemGroup>
    <ClInclude Include="MyMenu.h">
      <Filter>Файлы заголовков</Filter>
    </ClInclude>
    <ClInclude Include="Admin.h">
      <Filter>Файлы заголовков</Filter>
    </ClInclude>
    <ClInclude Include="User.h">
      <Filter>Файлы заголовков</Filter>
    </ClInclude>
    <ClInclude Include="UserWiewOrderData.h">
      <Filter>Файлы заголовков</Filter>
    </ClInclude>
    <ClInclude Include="UserRentAutoWiewData.h">
      <Filter>Файлы заголовков</Filter>
    </ClInclude>
    <ClInclude Include="UserRentAutoDecorOrder.h">
      <Filter>Файлы заголовков</Filter>
    </ClInclude>
    <ClInclude Include="UserWiewOrderAuto.h">
      <Filter>Файлы заголовков</Filter>
    </ClInclude>
    <ClInclude Include="AdminEditAdminData.h">
      <Filter>Файлы заголовков</Filter>
    </ClInclude>
    <ClInclude Include="AdminEditUserData.h">
      <Filter>Файлы заголовков</Filter>
    </ClInclude>
    <ClInclude Include="AdminEditAutoData.h">
      <Filter>Файлы заголовков</Filter>
    </ClInclude>
    <ClInclude Include="AdminEditReportsData.h">
      <Filter>Файлы заголовков</Filter>
    </ClInclude>
    <ClInclude Include="Registration.h">
      <Filter>Файлы заголовков</Filter>
    </ClInclude>
    <ClInclude Include="ReportOrderData.h">
      <Filter>Файлы заголовков</Filter>
    </ClInclude>
    <ClInclude Include="ReportTransactionData.h">
      <Filter>Файлы заголовков</Filter>
    </ClInclude>
    <ClInclude Include="UserEditUserDataNew.h">
      <Filter>Файлы заголовков</Filter>
    </ClInclude>
    <ClInclude Include="UserEditUserDataNewEdit.h">
      <Filter>Файлы заголовков</Filter>
    </ClInclude>
    <ClInclude Include="AdminAutorisation.h">
      <Filter>Файлы заголовков</Filter>
    </ClInclude>
    <ClInclude Include="Header.h">
      <Filter>Файлы заголовков</Filter>
    </ClInclude>
  </ItemGroup>
  <ItemGroup>
    <Image Include="0b00eceba1bdca24c92f21f8065930cb.ico">
      <Filter>Файлы ресурсов</Filter>
    </Image>
  </ItemGroup>
</Project>